// !$*UTF8*$!
{
	archiveVersion = 1;
	classes = {
	};
	objectVersion = 55;
	objects = {

/* Begin PBXBuildFile section */
		ACBECAD0ED91C58694E7652C /* Pods_ContainerViewControllers.framework in Frameworks */ = {isa = PBXBuildFile; fileRef = 8E01BEE4BBED6156DECC9FCF /* Pods_ContainerViewControllers.framework */; };
		CD48FE8C291DF46D004ACD65 /* AppDelegate.swift in Sources */ = {isa = PBXBuildFile; fileRef = CD48FE8B291DF46D004ACD65 /* AppDelegate.swift */; };
		CD48FE8E291DF46D004ACD65 /* SceneDelegate.swift in Sources */ = {isa = PBXBuildFile; fileRef = CD48FE8D291DF46D004ACD65 /* SceneDelegate.swift */; };
		CD48FE90291DF46D004ACD65 /* ViewController.swift in Sources */ = {isa = PBXBuildFile; fileRef = CD48FE8F291DF46D004ACD65 /* ViewController.swift */; };
		CD48FE93291DF46D004ACD65 /* Main.storyboard in Resources */ = {isa = PBXBuildFile; fileRef = CD48FE91291DF46D004ACD65 /* Main.storyboard */; };
		CD48FE95291DF478004ACD65 /* Assets.xcassets in Resources */ = {isa = PBXBuildFile; fileRef = CD48FE94291DF478004ACD65 /* Assets.xcassets */; };
		CD48FE98291DF478004ACD65 /* LaunchScreen.storyboard in Resources */ = {isa = PBXBuildFile; fileRef = CD48FE96291DF478004ACD65 /* LaunchScreen.storyboard */; };
		CD48FEA4291DF93F004ACD65 /* PageSegmentView.swift in Sources */ = {isa = PBXBuildFile; fileRef = CD48FEA3291DF93F004ACD65 /* PageSegmentView.swift */; };
		CD48FEA6291DF977004ACD65 /* PageSegmentCollectionViewCell.swift in Sources */ = {isa = PBXBuildFile; fileRef = CD48FEA5291DF977004ACD65 /* PageSegmentCollectionViewCell.swift */; };
		CD48FEA8291DF9F1004ACD65 /* GuideSlideView.swift in Sources */ = {isa = PBXBuildFile; fileRef = CD48FEA7291DF9F1004ACD65 /* GuideSlideView.swift */; };
		CD48FEAA291DFA18004ACD65 /* TestTableViewController.swift in Sources */ = {isa = PBXBuildFile; fileRef = CD48FEA9291DFA18004ACD65 /* TestTableViewController.swift */; };
/* End PBXBuildFile section */

/* Begin PBXFileReference section */
		35EA27B6147617D1EFA8BF31 /* Pods-ContainerViewControllers.debug.xcconfig */ = {isa = PBXFileReference; includeInIndex = 1; lastKnownFileType = text.xcconfig; name = "Pods-ContainerViewControllers.debug.xcconfig"; path = "Target Support Files/Pods-ContainerViewControllers/Pods-ContainerViewControllers.debug.xcconfig"; sourceTree = "<group>"; };
		8E01BEE4BBED6156DECC9FCF /* Pods_ContainerViewControllers.framework */ = {isa = PBXFileReference; explicitFileType = wrapper.framework; includeInIndex = 0; path = Pods_ContainerViewControllers.framework; sourceTree = BUILT_PRODUCTS_DIR; };
		AE0618B39443493836F66C1B /* Pods-ContainerViewControllers.release.xcconfig */ = {isa = PBXFileReference; includeInIndex = 1; lastKnownFileType = text.xcconfig; name = "Pods-ContainerViewControllers.release.xcconfig"; path = "Target Support Files/Pods-ContainerViewControllers/Pods-ContainerViewControllers.release.xcconfig"; sourceTree = "<group>"; };
		CD48FE88291DF46D004ACD65 /* ContainerViewControllers.app */ = {isa = PBXFileReference; explicitFileType = wrapper.application; includeInIndex = 0; path = ContainerViewControllers.app; sourceTree = BUILT_PRODUCTS_DIR; };
		CD48FE8B291DF46D004ACD65 /* AppDelegate.swift */ = {isa = PBXFileReference; lastKnownFileType = sourcecode.swift; path = AppDelegate.swift; sourceTree = "<group>"; };
		CD48FE8D291DF46D004ACD65 /* SceneDelegate.swift */ = {isa = PBXFileReference; lastKnownFileType = sourcecode.swift; path = SceneDelegate.swift; sourceTree = "<group>"; };
		CD48FE8F291DF46D004ACD65 /* ViewController.swift */ = {isa = PBXFileReference; lastKnownFileType = sourcecode.swift; path = ViewController.swift; sourceTree = "<group>"; };
		CD48FE92291DF46D004ACD65 /* Base */ = {isa = PBXFileReference; lastKnownFileType = file.storyboard; name = Base; path = Base.lproj/Main.storyboard; sourceTree = "<group>"; };
		CD48FE94291DF478004ACD65 /* Assets.xcassets */ = {isa = PBXFileReference; lastKnownFileType = folder.assetcatalog; path = Assets.xcassets; sourceTree = "<group>"; };
		CD48FE97291DF478004ACD65 /* Base */ = {isa = PBXFileReference; lastKnownFileType = file.storyboard; name = Base; path = Base.lproj/LaunchScreen.storyboard; sourceTree = "<group>"; };
		CD48FE99291DF478004ACD65 /* Info.plist */ = {isa = PBXFileReference; lastKnownFileType = text.plist.xml; path = Info.plist; sourceTree = "<group>"; };
		CD48FEA3291DF93F004ACD65 /* PageSegmentView.swift */ = {isa = PBXFileReference; lastKnownFileType = sourcecode.swift; path = PageSegmentView.swift; sourceTree = "<group>"; };
		CD48FEA5291DF977004ACD65 /* PageSegmentCollectionViewCell.swift */ = {isa = PBXFileReference; lastKnownFileType = sourcecode.swift; path = PageSegmentCollectionViewCell.swift; sourceTree = "<group>"; };
		CD48FEA7291DF9F1004ACD65 /* GuideSlideView.swift */ = {isa = PBXFileReference; lastKnownFileType = sourcecode.swift; path = GuideSlideView.swift; sourceTree = "<group>"; };
		CD48FEA9291DFA18004ACD65 /* TestTableViewController.swift */ = {isa = PBXFileReference; lastKnownFileType = sourcecode.swift; path = TestTableViewController.swift; sourceTree = "<group>"; };
/* End PBXFileReference section */

/* Begin PBXFrameworksBuildPhase section */
		CD48FE85291DF46D004ACD65 /* Frameworks */ = {
			isa = PBXFrameworksBuildPhase;
			buildActionMask = 2147483647;
			files = (
				ACBECAD0ED91C58694E7652C /* Pods_ContainerViewControllers.framework in Frameworks */,
			);
			runOnlyForDeploymentPostprocessing = 0;
		};
/* End PBXFrameworksBuildPhase section */

/* Begin PBXGroup section */
		4D913C769C24AAFEDC3AC190 /* Frameworks */ = {
			isa = PBXGroup;
			children = (
				8E01BEE4BBED6156DECC9FCF /* Pods_ContainerViewControllers.framework */,
			);
			name = Frameworks;
			sourceTree = "<group>";
		};
		58D4F608D05B15952AAAB0B3 /* Pods */ = {
			isa = PBXGroup;
			children = (
				35EA27B6147617D1EFA8BF31 /* Pods-ContainerViewControllers.debug.xcconfig */,
				AE0618B39443493836F66C1B /* Pods-ContainerViewControllers.release.xcconfig */,
			);
			path = Pods;
			sourceTree = "<group>";
		};
		CD48FE7F291DF46D004ACD65 = {
			isa = PBXGroup;
			children = (
				CD48FE8A291DF46D004ACD65 /* ContainerViewControllers */,
				CD48FE89291DF46D004ACD65 /* Products */,
				58D4F608D05B15952AAAB0B3 /* Pods */,
				4D913C769C24AAFEDC3AC190 /* Frameworks */,
			);
			sourceTree = "<group>";
		};
		CD48FE89291DF46D004ACD65 /* Products */ = {
			isa = PBXGroup;
			children = (
				CD48FE88291DF46D004ACD65 /* ContainerViewControllers.app */,
			);
			name = Products;
			sourceTree = "<group>";
		};
		CD48FE8A291DF46D004ACD65 /* ContainerViewControllers */ = {
			isa = PBXGroup;
			children = (
				CD48FE8B291DF46D004ACD65 /* AppDelegate.swift */,
				CD48FE8D291DF46D004ACD65 /* SceneDelegate.swift */,
				CD48FE8F291DF46D004ACD65 /* ViewController.swift */,
				CD48FEA9291DFA18004ACD65 /* TestTableViewController.swift */,
				CD48FEA7291DF9F1004ACD65 /* GuideSlideView.swift */,
				CD48FEA3291DF93F004ACD65 /* PageSegmentView.swift */,
				CD48FEA5291DF977004ACD65 /* PageSegmentCollectionViewCell.swift */,
				CD48FE91291DF46D004ACD65 /* Main.storyboard */,
				CD48FE94291DF478004ACD65 /* Assets.xcassets */,
				CD48FE96291DF478004ACD65 /* LaunchScreen.storyboard */,
				CD48FE99291DF478004ACD65 /* Info.plist */,
			);
			path = ContainerViewControllers;
			sourceTree = "<group>";
		};
/* End PBXGroup section */

/* Begin PBXNativeTarget section */
		CD48FE87291DF46D004ACD65 /* ContainerViewControllers */ = {
			isa = PBXNativeTarget;
			buildConfigurationList = CD48FE9C291DF478004ACD65 /* Build configuration list for PBXNativeTarget "ContainerViewControllers" */;
			buildPhases = (
				3383C980D01BDA5254CCC1D4 /* [CP] Check Pods Manifest.lock */,
				CD48FE84291DF46D004ACD65 /* Sources */,
				CD48FE85291DF46D004ACD65 /* Frameworks */,
				CD48FE86291DF46D004ACD65 /* Resources */,
				154BEA1DDA41055EF983BDF1 /* [CP] Embed Pods Frameworks */,
			);
			buildRules = (
			);
			dependencies = (
			);
			name = ContainerViewControllers;
			productName = ContainerViewControllers;
			productReference = CD48FE88291DF46D004ACD65 /* ContainerViewControllers.app */;
			productType = "com.apple.product-type.application";
		};
/* End PBXNativeTarget section */

/* Begin PBXProject section */
		CD48FE80291DF46D004ACD65 /* Project object */ = {
			isa = PBXProject;
			attributes = {
				BuildIndependentTargetsInParallel = 1;
				LastSwiftUpdateCheck = 1340;
				LastUpgradeCheck = 1340;
				TargetAttributes = {
					CD48FE87291DF46D004ACD65 = {
						CreatedOnToolsVersion = 13.4.1;
					};
				};
			};
			buildConfigurationList = CD48FE83291DF46D004ACD65 /* Build configuration list for PBXProject "ContainerViewControllers" */;
			compatibilityVersion = "Xcode 13.0";
			developmentRegion = en;
			hasScannedForEncodings = 0;
			knownRegions = (
				en,
				Base,
			);
			mainGroup = CD48FE7F291DF46D004ACD65;
			productRefGroup = CD48FE89291DF46D004ACD65 /* Products */;
			projectDirPath = "";
			projectRoot = "";
			targets = (
				CD48FE87291DF46D004ACD65 /* ContainerViewControllers */,
			);
		};
/* End PBXProject section */

/* Begin PBXResourcesBuildPhase section */
		CD48FE86291DF46D004ACD65 /* Resources */ = {
			isa = PBXResourcesBuildPhase;
			buildActionMask = 2147483647;
			files = (
				CD48FE98291DF478004ACD65 /* LaunchScreen.storyboard in Resources */,
				CD48FE95291DF478004ACD65 /* Assets.xcassets in Resources */,
				CD48FE93291DF46D004ACD65 /* Main.storyboard in Resources */,
			);
			runOnlyForDeploymentPostprocessing = 0;
		};
/* End PBXResourcesBuildPhase section */

/* Begin PBXShellScriptBuildPhase section */
		154BEA1DDA41055EF983BDF1 /* [CP] Embed Pods Frameworks */ = {
			isa = PBXShellScriptBuildPhase;
			buildActionMask = 2147483647;
			files = (
			);
			inputFileListPaths = (
				"${PODS_ROOT}/Target Support Files/Pods-ContainerViewControllers/Pods-ContainerViewControllers-frameworks-${CONFIGURATION}-input-files.xcfilelist",
			);
			name = "[CP] Embed Pods Frameworks";
			outputFileListPaths = (
				"${PODS_ROOT}/Target Support Files/Pods-ContainerViewControllers/Pods-ContainerViewControllers-frameworks-${CONFIGURATION}-output-files.xcfilelist",
			);
			runOnlyForDeploymentPostprocessing = 0;
			shellPath = /bin/sh;
			shellScript = "\"${PODS_ROOT}/Target Support Files/Pods-ContainerViewControllers/Pods-ContainerViewControllers-frameworks.sh\"\n";
			showEnvVarsInLog = 0;
		};
		3383C980D01BDA5254CCC1D4 /* [CP] Check Pods Manifest.lock */ = {
			isa = PBXShellScriptBuildPhase;
			buildActionMask = 2147483647;
			files = (
			);
			inputFileListPaths = (
			);
			inputPaths = (
				"${PODS_PODFILE_DIR_PATH}/Podfile.lock",
				"${PODS_ROOT}/Manifest.lock",
			);
			name = "[CP] Check Pods Manifest.lock";
			outputFileListPaths = (
			);
			outputPaths = (
				"$(DERIVED_FILE_DIR)/Pods-ContainerViewControllers-checkManifestLockResult.txt",
			);
			runOnlyForDeploymentPostprocessing = 0;
			shellPath = /bin/sh;
			shellScript = "diff \"${PODS_PODFILE_DIR_PATH}/Podfile.lock\" \"${PODS_ROOT}/Manifest.lock\" > /dev/null\nif [ $? != 0 ] ; then\n    # print error to STDERR\n    echo \"error: The sandbox is not in sync with the Podfile.lock. Run 'pod install' or update your CocoaPods installation.\" >&2\n    exit 1\nfi\n# This output is used by Xcode 'outputs' to avoid re-running this script phase.\necho \"SUCCESS\" > \"${SCRIPT_OUTPUT_FILE_0}\"\n";
			showEnvVarsInLog = 0;
		};
/* End PBXShellScriptBuildPhase section */

/* Begin PBXSourcesBuildPhase section */
		CD48FE84291DF46D004ACD65 /* Sources */ = {
			isa = PBXSourcesBuildPhase;
			buildActionMask = 2147483647;
			files = (
				CD48FE90291DF46D004ACD65 /* ViewController.swift in Sources */,
				CD48FEA8291DF9F1004ACD65 /* GuideSlideView.swift in Sources */,
				CD48FE8C291DF46D004ACD65 /* AppDelegate.swift in Sources */,
				CD48FE8E291DF46D004ACD65 /* SceneDelegate.swift in Sources */,
				CD48FEA6291DF977004ACD65 /* PageSegmentCollectionViewCell.swift in Sources */,
				CD48FEAA291DFA18004ACD65 /* TestTableViewController.swift in Sources */,
				CD48FEA4291DF93F004ACD65 /* PageSegmentView.swift in Sources */,
			);
			runOnlyForDeploymentPostprocessing = 0;
		};
/* End PBXSourcesBuildPhase section */

/* Begin PBXVariantGroup section */
		CD48FE91291DF46D004ACD65 /* Main.storyboard */ = {
			isa = PBXVariantGroup;
			children = (
				CD48FE92291DF46D004ACD65 /* Base */,
			);
			name = Main.storyboard;
			sourceTree = "<group>";
		};
		CD48FE96291DF478004ACD65 /* LaunchScreen.storyboard */ = {
			isa = PBXVariantGroup;
			children = (
				CD48FE97291DF478004ACD65 /* Base */,
			);
			name = LaunchScreen.storyboard;
			sourceTree = "<group>";
		};
/* End PBXVariantGroup section */

/* Begin XCBuildConfiguration section */
		CD48FE9A291DF478004ACD65 /* Debug */ = {
			isa = XCBuildConfiguration;
			buildSettings = {
				ALWAYS_SEARCH_USER_PATHS = NO;
				CLANG_ANALYZER_NONNULL = YES;
				CLANG_ANALYZER_NUMBER_OBJECT_CONVERSION = YES_AGGRESSIVE;
				CLANG_CXX_LANGUAGE_STANDARD = "gnu++17";
				CLANG_ENABLE_MODULES = YES;
				CLANG_ENABLE_OBJC_ARC = YES;
				CLANG_ENABLE_OBJC_WEAK = YES;
				CLANG_WARN_BLOCK_CAPTURE_AUTORELEASING = YES;
				CLANG_WARN_BOOL_CONVERSION = YES;
				CLANG_WARN_COMMA = YES;
				CLANG_WARN_CONSTANT_CONVERSION = YES;
				CLANG_WARN_DEPRECATED_OBJC_IMPLEMENTATIONS = YES;
				CLANG_WARN_DIRECT_OBJC_ISA_USAGE = YES_ERROR;
				CLANG_WARN_DOCUMENTATION_COMMENTS = YES;
				CLANG_WARN_EMPTY_BODY = YES;
				CLANG_WARN_ENUM_CONVERSION = YES;
				CLANG_WARN_INFINITE_RECURSION = YES;
				CLANG_WARN_INT_CONVERSION = YES;
				CLANG_WARN_NON_LITERAL_NULL_CONVERSION = YES;
				CLANG_WARN_OBJC_IMPLICIT_RETAIN_SELF = YES;
				CLANG_WARN_OBJC_LITERAL_CONVERSION = YES;
				CLANG_WARN_OBJC_ROOT_CLASS = YES_ERROR;
				CLANG_WARN_QUOTED_INCLUDE_IN_FRAMEWORK_HEADER = YES;
				CLANG_WARN_RANGE_LOOP_ANALYSIS = YES;
				CLANG_WARN_STRICT_PROTOTYPES = YES;
				CLANG_WARN_SUSPICIOUS_MOVE = YES;
				CLANG_WARN_UNGUARDED_AVAILABILITY = YES_AGGRESSIVE;
				CLANG_WARN_UNREACHABLE_CODE = YES;
				CLANG_WARN__DUPLICATE_METHOD_MATCH = YES;
				COPY_PHASE_STRIP = NO;
				DEBUG_INFORMATION_FORMAT = dwarf;
				ENABLE_STRICT_OBJC_MSGSEND = YES;
				ENABLE_TESTABILITY = YES;
				GCC_C_LANGUAGE_STANDARD = gnu11;
				GCC_DYNAMIC_NO_PIC = NO;
				GCC_NO_COMMON_BLOCKS = YES;
				GCC_OPTIMIZATION_LEVEL = 0;
				GCC_PREPROCESSOR_DEFINITIONS = (
					"DEBUG=1",
					"$(inherited)",
				);
				GCC_WARN_64_TO_32_BIT_CONVERSION = YES;
				GCC_WARN_ABOUT_RETURN_TYPE = YES_ERROR;
				GCC_WARN_UNDECLARED_SELECTOR = YES;
				GCC_WARN_UNINITIALIZED_AUTOS = YES_AGGRESSIVE;
				GCC_WARN_UNUSED_FUNCTION = YES;
				GCC_WARN_UNUSED_VARIABLE = YES;
				IPHONEOS_DEPLOYMENT_TARGET = 15.5;
				MTL_ENABLE_DEBUG_INFO = INCLUDE_SOURCE;
				MTL_FAST_MATH = YES;
				ONLY_ACTIVE_ARCH = YES;
				SDKROOT = iphoneos;
				SWIFT_ACTIVE_COMPILATION_CONDITIONS = DEBUG;
				SWIFT_OPTIMIZATION_LEVEL = "-Onone";
			};
			name = Debug;
		};
		CD48FE9B291DF478004ACD65 /* Release */ = {
			isa = XCBuildConfiguration;
			buildSettings = {
				ALWAYS_SEARCH_USER_PATHS = NO;
				CLANG_ANALYZER_NONNULL = YES;
				CLANG_ANALYZER_NUMBER_OBJECT_CONVERSION = YES_AGGRESSIVE;
				CLANG_CXX_LANGUAGE_STANDARD = "gnu++17";
				CLANG_ENABLE_MODULES = YES;
				CLANG_ENABLE_OBJC_ARC = YES;
				CLANG_ENABLE_OBJC_WEAK = YES;
				CLANG_WARN_BLOCK_CAPTURE_AUTORELEASING = YES;
				CLANG_WARN_BOOL_CONVERSION = YES;
				CLANG_WARN_COMMA = YES;
				CLANG_WARN_CONSTANT_CONVERSION = YES;
				CLANG_WARN_DEPRECATED_OBJC_IMPLEMENTATIONS = YES;
				CLANG_WARN_DIRECT_OBJC_ISA_USAGE = YES_ERROR;
				CLANG_WARN_DOCUMENTATION_COMMENTS = YES;
				CLANG_WARN_EMPTY_BODY = YES;
				CLANG_WARN_ENUM_CONVERSION = YES;
				CLANG_WARN_INFINITE_RECURSION = YES;
				CLANG_WARN_INT_CONVERSION = YES;
				CLANG_WARN_NON_LITERAL_NULL_CONVERSION = YES;
				CLANG_WARN_OBJC_IMPLICIT_RETAIN_SELF = YES;
				CLANG_WARN_OBJC_LITERAL_CONVERSION = YES;
				CLANG_WARN_OBJC_ROOT_CLASS = YES_ERROR;
				CLANG_WARN_QUOTED_INCLUDE_IN_FRAMEWORK_HEADER = YES;
				CLANG_WARN_RANGE_LOOP_ANALYSIS = YES;
				CLANG_WARN_STRICT_PROTOTYPES = YES;
				CLANG_WARN_SUSPICIOUS_MOVE = YES;
				CLANG_WARN_UNGUARDED_AVAILABILITY = YES_AGGRESSIVE;
				CLANG_WARN_UNREACHABLE_CODE = YES;
				CLANG_WARN__DUPLICATE_METHOD_MATCH = YES;
				COPY_PHASE_STRIP = NO;
				DEBUG_INFORMATION_FORMAT = "dwarf-with-dsym";
				ENABLE_NS_ASSERTIONS = NO;
				ENABLE_STRICT_OBJC_MSGSEND = YES;
				GCC_C_LANGUAGE_STANDARD = gnu11;
				GCC_NO_COMMON_BLOCKS = YES;
				GCC_WARN_64_TO_32_BIT_CONVERSION = YES;
				GCC_WARN_ABOUT_RETURN_TYPE = YES_ERROR;
				GCC_WARN_UNDECLARED_SELECTOR = YES;
				GCC_WARN_UNINITIALIZED_AUTOS = YES_AGGRESSIVE;
				GCC_WARN_UNUSED_FUNCTION = YES;
				GCC_WARN_UNUSED_VARIABLE = YES;
				IPHONEOS_DEPLOYMENT_TARGET = 15.5;
				MTL_ENABLE_DEBUG_INFO = NO;
				MTL_FAST_MATH = YES;
				SDKROOT = iphoneos;
				SWIFT_COMPILATION_MODE = wholemodule;
				SWIFT_OPTIMIZATION_LEVEL = "-O";
				VALIDATE_PRODUCT = YES;
			};
			name = Release;
		};
		CD48FE9D291DF478004ACD65 /* Debug */ = {
			isa = XCBuildConfiguration;
			baseConfigurationReference = 35EA27B6147617D1EFA8BF31 /* Pods-ContainerViewControllers.debug.xcconfig */;
			buildSettings = {
				ASSETCATALOG_COMPILER_APPICON_NAME = AppIcon;
				ASSETCATALOG_COMPILER_GLOBAL_ACCENT_COLOR_NAME = AccentColor;
				CODE_SIGN_STYLE = Automatic;
				CURRENT_PROJECT_VERSION = 1;
				DEVELOPMENT_TEAM = 7588T3DZY6;
				GENERATE_INFOPLIST_FILE = YES;
				INFOPLIST_FILE = ContainerViewControllers/Info.plist;
				INFOPLIST_KEY_UIApplicationSupportsIndirectInputEvents = YES;
				INFOPLIST_KEY_UILaunchStoryboardName = LaunchScreen;
				INFOPLIST_KEY_UIMainStoryboardFile = Main;
				INFOPLIST_KEY_UISupportedInterfaceOrientations_iPad = "UIInterfaceOrientationPortrait UIInterfaceOrientationPortraitUpsideDown UIInterfaceOrientationLandscapeLeft UIInterfaceOrientationLandscapeRight";
				INFOPLIST_KEY_UISupportedInterfaceOrientations_iPhone = "UIInterfaceOrientationPortrait UIInterfaceOrientationLandscapeLeft UIInterfaceOrientationLandscapeRight";
				IPHONEOS_DEPLOYMENT_TARGET = 13.0;
				LD_RUNPATH_SEARCH_PATHS = (
					"$(inherited)",
					"@executable_path/Frameworks",
				);
				MARKETING_VERSION = 1.0;
				PRODUCT_BUNDLE_IDENTIFIER = com.pin.ContainerViewControllers;
				PRODUCT_NAME = "$(TARGET_NAME)";
				SWIFT_EMIT_LOC_STRINGS = YES;
				SWIFT_VERSION = 4.2;
				TARGETED_DEVICE_FAMILY = "1,2";
			};
			name = Debug;
		};
		CD48FE9E291DF478004ACD65 /* Release */ = {
			isa = XCBuildConfiguration;
			baseConfigurationReference = AE0618B39443493836F66C1B /* Pods-ContainerViewControllers.release.xcconfig */;
			buildSettings = {
				ASSETCATALOG_COMPILER_APPICON_NAME = AppIcon;
				ASSETCATALOG_COMPILER_GLOBAL_ACCENT_COLOR_NAME = AccentColor;
				CODE_SIGN_STYLE = Automatic;
				CURRENT_PROJECT_VERSION = 1;
				DEVELOPMENT_TEAM = 7588T3DZY6;
				GENERATE_INFOPLIST_FILE = YES;
				INFOPLIST_FILE = ContainerViewControllers/Info.plist;
				INFOPLIST_KEY_UIApplicationSupportsIndirectInputEvents = YES;
				INFOPLIST_KEY_UILaunchStoryboardName = LaunchScreen;
				INFOPLIST_KEY_UIMainStoryboardFile = Main;
				INFOPLIST_KEY_UISupportedInterfaceOrientations_iPad = "UIInterfaceOrientationPortrait UIInterfaceOrientationPortraitUpsideDown UIInterfaceOrientationLandscapeLeft UIInterfaceOrientationLandscapeRight";
				INFOPLIST_KEY_UISupportedInterfaceOrientations_iPhone = "UIInterfaceOrientationPortrait UIInterfaceOrientationLandscapeLeft UIInterfaceOrientationLandscapeRight";
				IPHONEOS_DEPLOYMENT_TARGET = 13.0;
				LD_RUNPATH_SEARCH_PATHS = (
					"$(inherited)",
					"@executable_path/Frameworks",
				);
				MARKETING_VERSION = 1.0;
				PRODUCT_BUNDLE_IDENTIFIER = com.pin.ContainerViewControllers;
				PRODUCT_NAME = "$(TARGET_NAME)";
				SWIFT_EMIT_LOC_STRINGS = YES;
				SWIFT_VERSION = 4.2;
				TARGETED_DEVICE_FAMILY = "1,2";
			};
			name = Release;
		};
/* End XCBuildConfiguration section */

/* Begin XCConfigurationList section */
		CD48FE83291DF46D004ACD65 /* Build configuration list for PBXProject "ContainerViewControllers" */ = {
			isa = XCConfigurationList;
			buildConfigurations = (
				CD48FE9A291DF478004ACD65 /* Debug */,
				CD48FE9B291DF478004ACD65 /* Release */,
			);
			defaultConfigurationIsVisible = 0;
			defaultConfigurationName = Release;
		};
		CD48FE9C291DF478004ACD65 /* Build configuration list for PBXNativeTarget "ContainerViewControllers" */ = {
			isa = XCConfigurationList;
			buildConfigurations = (
				CD48FE9D291DF478004ACD65 /* Debug */,
				CD48FE9E291DF478004ACD65 /* Release */,
			);
			defaultConfigurationIsVisible = 0;
			defaultConfigurationName = Release;
		};
/* End XCConfigurationList section */
	};
	rootObject = CD48FE80291DF46D004ACD65 /* Project object */;
}
